
Microsoft Visual Studio Solution File, Format Version 12.00
# Visual Studio Version 17
VisualStudioVersion = 17.4.33103.184
MinimumVisualStudioVersion = 10.0.40219.1
Project("{FAE04EC0-301F-11D3-BF4B-00C04F79EFBC}") = "Domain", "Domain\Domain.csproj", "{D7BA2738-5BAA-450D-9781-991732128BC5}"
EndProject
Project("{FAE04EC0-301F-11D3-BF4B-00C04F79EFBC}") = "Persistence", "Persistence\Persistence.csproj", "{77057724-7CF0-4CE4-AF8B-74A8C3060599}"
EndProject
Project("{FAE04EC0-301F-11D3-BF4B-00C04F79EFBC}") = "Application", "Application\Application.csproj", "{B6AC6129-7B2D-4629-B129-4DF28F80736C}"
EndProject
Project("{FAE04EC0-301F-11D3-BF4B-00C04F79EFBC}") = "TodoList.WebUI", "TodoList.WebUI\TodoList.WebUI.csproj", "{7245648D-2273-42D8-B66F-1B15651974DE}"
EndProject
Global
	GlobalSection(SolutionConfigurationPlatforms) = preSolution
		Debug|Any CPU = Debug|Any CPU
		Release|Any CPU = Release|Any CPU
	EndGlobalSection
	GlobalSection(ProjectConfigurationPlatforms) = postSolution
		{D7BA2738-5BAA-450D-9781-991732128BC5}.Debug|Any CPU.ActiveCfg = Debug|Any CPU
		{D7BA2738-5BAA-450D-9781-991732128BC5}.Debug|Any CPU.Build.0 = Debug|Any CPU
		{D7BA2738-5BAA-450D-9781-991732128BC5}.Release|Any CPU.ActiveCfg = Release|Any CPU
		{D7BA2738-5BAA-450D-9781-991732128BC5}.Release|Any CPU.Build.0 = Release|Any CPU
		{77057724-7CF0-4CE4-AF8B-74A8C3060599}.Debug|Any CPU.ActiveCfg = Debug|Any CPU
		{77057724-7CF0-4CE4-AF8B-74A8C3060599}.Debug|Any CPU.Build.0 = Debug|Any CPU
		{77057724-7CF0-4CE4-AF8B-74A8C3060599}.Release|Any CPU.ActiveCfg = Release|Any CPU
		{77057724-7CF0-4CE4-AF8B-74A8C3060599}.Release|Any CPU.Build.0 = Release|Any CPU
		{B6AC6129-7B2D-4629-B129-4DF28F80736C}.Debug|Any CPU.ActiveCfg = Debug|Any CPU
		{B6AC6129-7B2D-4629-B129-4DF28F80736C}.Debug|Any CPU.Build.0 = Debug|Any CPU
		{B6AC6129-7B2D-4629-B129-4DF28F80736C}.Release|Any CPU.ActiveCfg = Release|Any CPU
		{B6AC6129-7B2D-4629-B129-4DF28F80736C}.Release|Any CPU.Build.0 = Release|Any CPU
		{7245648D-2273-42D8-B66F-1B15651974DE}.Debug|Any CPU.ActiveCfg = Debug|Any CPU
		{7245648D-2273-42D8-B66F-1B15651974DE}.Debug|Any CPU.Build.0 = Debug|Any CPU
		{7245648D-2273-42D8-B66F-1B15651974DE}.Release|Any CPU.ActiveCfg = Release|Any CPU
		{7245648D-2273-42D8-B66F-1B15651974DE}.Release|Any CPU.Build.0 = Release|Any CPU
	EndGlobalSection
	GlobalSection(SolutionProperties) = preSolution
		HideSolutionNode = FALSE
	EndGlobalSection
	GlobalSection(ExtensibilityGlobals) = postSolution
		SolutionGuid = {2418B672-9DCD-45AC-A7FE-A6F12E66A6D7}
	EndGlobalSection
EndGlobal
